<?xml version="1.0" encoding="utf-8"?>
<Project ToolsVersion="4.0" xmlns="http://schemas.microsoft.com/developer/msbuild/2003">
  <ItemGroup>
    <Filter Include="include">
      <UniqueIdentifier>{0FEB36D4-DED9-B510-4A82-8CE6435F7E81}</UniqueIdentifier>
    </Filter>
    <Filter Include="source">
      <UniqueIdentifier>{F438CD36-9A9B-08FA-222C-0DC9EBFE35EB}</UniqueIdentifier>
    </Filter>
  </ItemGroup>
  <ItemGroup>
    <ClInclude Include="include\jconfig.h">
      <Filter>include</Filter>
    </ClInclude>
    <ClInclude Include="include\jerror.h">
      <Filter>include</Filter>
    </ClInclude>
    <ClInclude Include="include\jmemsys.h">
      <Filter>include</Filter>
    </ClInclude>
    <ClInclude Include="include\jmorecfg.h">
      <Filter>include</Filter>
    </ClInclude>
    <ClInclude Include="include\jpeglib.h">
      <Filter>include</Filter>
    </ClInclude>
    <ClInclude Include="include\jsupport_ea.h">
      <Filter>include</Filter>
    </ClInclude>
  </ItemGroup>
  <ItemGroup>
    <ClCompile Include="source\jcapimin.c">
      <Filter>source</Filter>
    </ClCompile>
    <ClCompile Include="source\jcapistd.c">
      <Filter>source</Filter>
    </ClCompile>
    <ClCompile Include="source\jccoefct.c">
      <Filter>source</Filter>
    </ClCompile>
    <ClCompile Include="source\jccolor.c">
      <Filter>source</Filter>
    </ClCompile>
    <ClCompile Include="source\jcdctmgr.c">
      <Filter>source</Filter>
    </ClCompile>
    <ClCompile Include="source\jchuff.c">
      <Filter>source</Filter>
    </ClCompile>
    <ClCompile Include="source\jcinit.c">
      <Filter>source</Filter>
    </ClCompile>
    <ClCompile Include="source\jcmainct.c">
      <Filter>source</Filter>
    </ClCompile>
    <ClCompile Include="source\jcmarker.c">
      <Filter>source</Filter>
    </ClCompile>
    <ClCompile Include="source\jcmaster.c">
      <Filter>source</Filter>
    </ClCompile>
    <ClCompile Include="source\jcomapi.c">
      <Filter>source</Filter>
    </ClCompile>
    <ClCompile Include="source\jcparam.c">
      <Filter>source</Filter>
    </ClCompile>
    <ClCompile Include="source\jcphuff.c">
      <Filter>source</Filter>
    </ClCompile>
    <ClCompile Include="source\jcprepct.c">
      <Filter>source</Filter>
    </ClCompile>
    <ClCompile Include="source\jcsample.c">
      <Filter>source</Filter>
    </ClCompile>
    <ClCompile Include="source\jctrans.c">
      <Filter>source</Filter>
    </ClCompile>
    <ClCompile Include="source\jdapimin.c">
      <Filter>source</Filter>
    </ClCompile>
    <ClCompile Include="source\jdapistd.c">
      <Filter>source</Filter>
    </ClCompile>
    <ClCompile Include="source\jdatadst.c">
      <Filter>source</Filter>
    </ClCompile>
    <ClCompile Include="source\jdatasrc.c">
      <Filter>source</Filter>
    </ClCompile>
    <ClCompile Include="source\jdcoefct.c">
      <Filter>source</Filter>
    </ClCompile>
    <ClCompile Include="source\jdcolor.c">
      <Filter>source</Filter>
    </ClCompile>
    <ClCompile Include="source\jddctmgr.c">
      <Filter>source</Filter>
    </ClCompile>
    <ClCompile Include="source\jdhuff.c">
      <Filter>source</Filter>
    </ClCompile>
    <ClCompile Include="source\jdinput.c">
      <Filter>source</Filter>
    </ClCompile>
    <ClCompile Include="source\jdmainct.c">
      <Filter>source</Filter>
    </ClCompile>
    <ClCompile Include="source\jdmarker.c">
      <Filter>source</Filter>
    </ClCompile>
    <ClCompile Include="source\jdmaster.c">
      <Filter>source</Filter>
    </ClCompile>
    <ClCompile Include="source\jdmerge.c">
      <Filter>source</Filter>
    </ClCompile>
    <ClCompile Include="source\jdphuff.c">
      <Filter>source</Filter>
    </ClCompile>
    <ClCompile Include="source\jdpostct.c">
      <Filter>source</Filter>
    </ClCompile>
    <ClCompile Include="source\jdsample.c">
      <Filter>source</Filter>
    </ClCompile>
    <ClCompile Include="source\jdtrans.c">
      <Filter>source</Filter>
    </ClCompile>
    <ClCompile Include="source\jerror.c">
      <Filter>source</Filter>
    </ClCompile>
    <ClCompile Include="source\jfdctflt.c">
      <Filter>source</Filter>
    </ClCompile>
    <ClCompile Include="source\jfdctfst.c">
      <Filter>source</Filter>
    </ClCompile>
    <ClCompile Include="source\jfdctint.c">
      <Filter>source</Filter>
    </ClCompile>
    <ClCompile Include="source\jidctflt.c">
      <Filter>source</Filter>
    </ClCompile>
    <ClCompile Include="source\jidctfst.c">
      <Filter>source</Filter>
    </ClCompile>
    <ClCompile Include="source\jidctint.c">
      <Filter>source</Filter>
    </ClCompile>
    <ClCompile Include="source\jidctred.c">
      <Filter>source</Filter>
    </ClCompile>
    <ClCompile Include="source\jmemmgr.c">
      <Filter>source</Filter>
    </ClCompile>
    <ClCompile Include="source\jquant1.c">
      <Filter>source</Filter>
    </ClCompile>
    <ClCompile Include="source\jquant2.c">
      <Filter>source</Filter>
    </ClCompile>
    <ClCompile Include="source\jsupport_ea.c">
      <Filter>source</Filter>
    </ClCompile>
    <ClCompile Include="source\jutils.c">
      <Filter>source</Filter>
    </ClCompile>
  </ItemGroup>
</Project>